
Microsoft Visual Studio Solution File, Format Version 12.00
# Visual Studio 15
VisualStudioVersion = 15.0.28010.2036
MinimumVisualStudioVersion = 10.0.40219.1
Project("{FAE04EC0-301F-11D3-BF4B-00C04F79EFBC}") = "EXAM", "EXAM\EXAM.csproj", "{9D1E8A41-864D-4027-A741-A9B4D14FCA2E}"
EndProject
Global
	GlobalSection(SolutionConfigurationPlatforms) = preSolution
		Debug|ARM = Debug|ARM
		Debug|x64 = Debug|x64
		Debug|x86 = Debug|x86
		Release|ARM = Release|ARM
		Release|x64 = Release|x64
		Release|x86 = Release|x86
	EndGlobalSection
	GlobalSection(ProjectConfigurationPlatforms) = postSolution
		{9D1E8A41-864D-4027-A741-A9B4D14FCA2E}.Debug|ARM.ActiveCfg = Debug|ARM
		{9D1E8A41-864D-4027-A741-A9B4D14FCA2E}.Debug|ARM.Build.0 = Debug|ARM
		{9D1E8A41-864D-4027-A741-A9B4D14FCA2E}.Debug|ARM.Deploy.0 = Debug|ARM
		{9D1E8A41-864D-4027-A741-A9B4D14FCA2E}.Debug|x64.ActiveCfg = Debug|x64
		{9D1E8A41-864D-4027-A741-A9B4D14FCA2E}.Debug|x64.Build.0 = Debug|x64
		{9D1E8A41-864D-4027-A741-A9B4D14FCA2E}.Debug|x64.Deploy.0 = Debug|x64
		{9D1E8A41-864D-4027-A741-A9B4D14FCA2E}.Debug|x86.ActiveCfg = Debug|x86
		{9D1E8A41-864D-4027-A741-A9B4D14FCA2E}.Debug|x86.Build.0 = Debug|x86
		{9D1E8A41-864D-4027-A741-A9B4D14FCA2E}.Debug|x86.Deploy.0 = Debug|x86
		{9D1E8A41-864D-4027-A741-A9B4D14FCA2E}.Release|ARM.ActiveCfg = Release|ARM
		{9D1E8A41-864D-4027-A741-A9B4D14FCA2E}.Release|ARM.Build.0 = Release|ARM
		{9D1E8A41-864D-4027-A741-A9B4D14FCA2E}.Release|ARM.Deploy.0 = Release|ARM
		{9D1E8A41-864D-4027-A741-A9B4D14FCA2E}.Release|x64.ActiveCfg = Release|x64
		{9D1E8A41-864D-4027-A741-A9B4D14FCA2E}.Release|x64.Build.0 = Release|x64
		{9D1E8A41-864D-4027-A741-A9B4D14FCA2E}.Release|x64.Deploy.0 = Release|x64
		{9D1E8A41-864D-4027-A741-A9B4D14FCA2E}.Release|x86.ActiveCfg = Release|x86
		{9D1E8A41-864D-4027-A741-A9B4D14FCA2E}.Release|x86.Build.0 = Release|x86
		{9D1E8A41-864D-4027-A741-A9B4D14FCA2E}.Release|x86.Deploy.0 = Release|x86
	EndGlobalSection
	GlobalSection(SolutionProperties) = preSolution
		HideSolutionNode = FALSE
	EndGlobalSection
	GlobalSection(ExtensibilityGlobals) = postSolution
		SolutionGuid = {72B5AEBA-774E-460A-9A2C-495AB8DF7CD5}
	EndGlobalSection
EndGlobal
